PODS:
  - HBDNavigationBar (1.6.6)
  - LoginService (0.0.1):
    - HBDNavigationBar

DEPENDENCIES:
  - LoginService (from `../`)

SPEC REPOS:
  trunk:
    - HBDNavigationBar

EXTERNAL SOURCES:
  LoginService:
    :path: "../"

SPEC CHECKSUMS:
  HBDNavigationBar: b3c63058aa0c1509da6646469c491d9b70edbde1
  LoginService: 107074b1ce88a7d35dd199541d8a98864ec1d187

PODFILE CHECKSUM: 0623d86da35fcdd2a44182b047b327d2a9211acf

COCOAPODS: 1.8.3
